
Microsoft Visual Studio Solution File, Format Version 12.00
# Visual Studio Version 16
VisualStudioVersion = 16.0.30711.63
MinimumVisualStudioVersion = 15.0.26124.0
Project("{9A19103F-16F7-4668-BE54-9A1E7A4F7556}") = "CarCompanion.UI", "CarCompanion.UI\CarCompanion.UI.csproj", "{BD233351-D324-4FC7-AD0A-5DB84A9D58EC}"
EndProject
Project("{9A19103F-16F7-4668-BE54-9A1E7A4F7556}") = "CarCompanion.Api", "CarCompanion.Api\CarCompanion.Api.csproj", "{E051DC14-C041-4C97-8103-6A96D15C2EAC}"
EndProject
Project("{FAE04EC0-301F-11D3-BF4B-00C04F79EFBC}") = "CarCompanion.Shared", "CarCompanion.Shared\CarCompanion.Shared.csproj", "{190BBF31-5E02-4EB6-BB7C-974B66087156}"
EndProject
Global
	GlobalSection(SolutionConfigurationPlatforms) = preSolution
		Debug|Any CPU = Debug|Any CPU
		Debug|x64 = Debug|x64
		Debug|x86 = Debug|x86
		Release|Any CPU = Release|Any CPU
		Release|x64 = Release|x64
		Release|x86 = Release|x86
	EndGlobalSection
	GlobalSection(ProjectConfigurationPlatforms) = postSolution
		{BD233351-D324-4FC7-AD0A-5DB84A9D58EC}.Debug|Any CPU.ActiveCfg = Debug|Any CPU
		{BD233351-D324-4FC7-AD0A-5DB84A9D58EC}.Debug|Any CPU.Build.0 = Debug|Any CPU
		{BD233351-D324-4FC7-AD0A-5DB84A9D58EC}.Debug|x64.ActiveCfg = Debug|Any CPU
		{BD233351-D324-4FC7-AD0A-5DB84A9D58EC}.Debug|x64.Build.0 = Debug|Any CPU
		{BD233351-D324-4FC7-AD0A-5DB84A9D58EC}.Debug|x86.ActiveCfg = Debug|Any CPU
		{BD233351-D324-4FC7-AD0A-5DB84A9D58EC}.Debug|x86.Build.0 = Debug|Any CPU
		{BD233351-D324-4FC7-AD0A-5DB84A9D58EC}.Release|Any CPU.ActiveCfg = Release|Any CPU
		{BD233351-D324-4FC7-AD0A-5DB84A9D58EC}.Release|Any CPU.Build.0 = Release|Any CPU
		{BD233351-D324-4FC7-AD0A-5DB84A9D58EC}.Release|x64.ActiveCfg = Release|Any CPU
		{BD233351-D324-4FC7-AD0A-5DB84A9D58EC}.Release|x64.Build.0 = Release|Any CPU
		{BD233351-D324-4FC7-AD0A-5DB84A9D58EC}.Release|x86.ActiveCfg = Release|Any CPU
		{BD233351-D324-4FC7-AD0A-5DB84A9D58EC}.Release|x86.Build.0 = Release|Any CPU
		{E051DC14-C041-4C97-8103-6A96D15C2EAC}.Debug|Any CPU.ActiveCfg = Debug|Any CPU
		{E051DC14-C041-4C97-8103-6A96D15C2EAC}.Debug|Any CPU.Build.0 = Debug|Any CPU
		{E051DC14-C041-4C97-8103-6A96D15C2EAC}.Debug|x64.ActiveCfg = Debug|Any CPU
		{E051DC14-C041-4C97-8103-6A96D15C2EAC}.Debug|x64.Build.0 = Debug|Any CPU
		{E051DC14-C041-4C97-8103-6A96D15C2EAC}.Debug|x86.ActiveCfg = Debug|Any CPU
		{E051DC14-C041-4C97-8103-6A96D15C2EAC}.Debug|x86.Build.0 = Debug|Any CPU
		{E051DC14-C041-4C97-8103-6A96D15C2EAC}.Release|Any CPU.ActiveCfg = Release|Any CPU
		{E051DC14-C041-4C97-8103-6A96D15C2EAC}.Release|Any CPU.Build.0 = Release|Any CPU
		{E051DC14-C041-4C97-8103-6A96D15C2EAC}.Release|x64.ActiveCfg = Release|Any CPU
		{E051DC14-C041-4C97-8103-6A96D15C2EAC}.Release|x64.Build.0 = Release|Any CPU
		{E051DC14-C041-4C97-8103-6A96D15C2EAC}.Release|x86.ActiveCfg = Release|Any CPU
		{E051DC14-C041-4C97-8103-6A96D15C2EAC}.Release|x86.Build.0 = Release|Any CPU
		{190BBF31-5E02-4EB6-BB7C-974B66087156}.Debug|Any CPU.ActiveCfg = Debug|Any CPU
		{190BBF31-5E02-4EB6-BB7C-974B66087156}.Debug|Any CPU.Build.0 = Debug|Any CPU
		{190BBF31-5E02-4EB6-BB7C-974B66087156}.Debug|x64.ActiveCfg = Debug|Any CPU
		{190BBF31-5E02-4EB6-BB7C-974B66087156}.Debug|x64.Build.0 = Debug|Any CPU
		{190BBF31-5E02-4EB6-BB7C-974B66087156}.Debug|x86.ActiveCfg = Debug|Any CPU
		{190BBF31-5E02-4EB6-BB7C-974B66087156}.Debug|x86.Build.0 = Debug|Any CPU
		{190BBF31-5E02-4EB6-BB7C-974B66087156}.Release|Any CPU.ActiveCfg = Release|Any CPU
		{190BBF31-5E02-4EB6-BB7C-974B66087156}.Release|Any CPU.Build.0 = Release|Any CPU
		{190BBF31-5E02-4EB6-BB7C-974B66087156}.Release|x64.ActiveCfg = Release|Any CPU
		{190BBF31-5E02-4EB6-BB7C-974B66087156}.Release|x64.Build.0 = Release|Any CPU
		{190BBF31-5E02-4EB6-BB7C-974B66087156}.Release|x86.ActiveCfg = Release|Any CPU
		{190BBF31-5E02-4EB6-BB7C-974B66087156}.Release|x86.Build.0 = Release|Any CPU
	EndGlobalSection
	GlobalSection(SolutionProperties) = preSolution
		HideSolutionNode = FALSE
	EndGlobalSection
	GlobalSection(ExtensibilityGlobals) = postSolution
		SolutionGuid = {ED28E853-CA9E-4808-85B4-0E5CADBE5A07}
	EndGlobalSection
EndGlobal
