
Microsoft Visual Studio Solution File, Format Version 12.00
# Visual Studio 15
Project("{FAE04EC0-301F-11D3-BF4B-00C04F79EFBC}") = "carcompanion", "carcompanion\carcompanion.csproj", "{CA8C6ABF-8EBC-4451-B060-FD4C159A4001}"
EndProject
Project("{E53339B2-1760-4266-BCC7-CA923CBCF16C}") = "docker-compose", "docker-compose.dcproj", "{4E61268E-295C-4496-A10B-2993768E7C73}"
EndProject
Global
	GlobalSection(SolutionConfigurationPlatforms) = preSolution
		Debug|Any CPU = Debug|Any CPU
		Release|Any CPU = Release|Any CPU
	EndGlobalSection
	GlobalSection(ProjectConfigurationPlatforms) = postSolution
		{CA8C6ABF-8EBC-4451-B060-FD4C159A4001}.Debug|Any CPU.ActiveCfg = Debug|Any CPU
		{CA8C6ABF-8EBC-4451-B060-FD4C159A4001}.Debug|Any CPU.Build.0 = Debug|Any CPU
		{CA8C6ABF-8EBC-4451-B060-FD4C159A4001}.Release|Any CPU.ActiveCfg = Release|Any CPU
		{CA8C6ABF-8EBC-4451-B060-FD4C159A4001}.Release|Any CPU.Build.0 = Release|Any CPU
		{4E61268E-295C-4496-A10B-2993768E7C73}.Debug|Any CPU.ActiveCfg = Debug|Any CPU
		{4E61268E-295C-4496-A10B-2993768E7C73}.Debug|Any CPU.Build.0 = Debug|Any CPU
		{4E61268E-295C-4496-A10B-2993768E7C73}.Release|Any CPU.ActiveCfg = Release|Any CPU
		{4E61268E-295C-4496-A10B-2993768E7C73}.Release|Any CPU.Build.0 = Release|Any CPU
	EndGlobalSection
EndGlobal
